{
	"name": "my-table-component",
	"version": "0.0.1",
	"lockfileVersion": 2,
	"requires": true,
	"packages": {
		"": {
			"name": "my-table-component",
			"version": "0.0.1",
			"license": "MIT",
			"dependencies": {
				"@stencil/core": "3.2.2",
				"@types/leaflet": "^1.9.3"
			},
			"devDependencies": {
				"@stencil/sass": "^3.0.2",
				"@stencil/store": "^2.0.6",
				"@types/node": "^20.2.3"
			}
		},
		"node_modules/@stencil/core": {
			"version": "3.2.2",
			"resolved": "https://registry.npmjs.org/@stencil/core/-/core-3.2.2.tgz",
			"integrity": "sha512-wXb9cVWL0T3cTwYLveekdTFCRGx6+9hpVDEXna+N8K8OPoW6xtFAHRLv+LjOM7k59PkA8MG3IinAfV7Y+xa0Hw==",
			"bin": {
				"stencil": "bin/stencil"
			},
			"engines": {
				"node": ">=14.10.0",
				"npm": ">=6.0.0"
			}
		},
		"node_modules/@stencil/sass": {
			"version": "3.0.2",
			"resolved": "https://registry.npmjs.org/@stencil/sass/-/sass-3.0.2.tgz",
			"integrity": "sha512-T8hQreosCjZ6yZ7wJgZBrA1ytL4JMluY1dX6S1a/YgXclanvncvk6nGEpxRVVwRAvtkru0F5Qs+oheiL8nifRA==",
			"dev": true,
			"peerDependencies": {
				"@stencil/core": ">=2.0.0 || >=3.0.0-beta.0"
			}
		},
		"node_modules/@stencil/store": {
			"version": "2.0.6",
			"resolved": "https://registry.npmjs.org/@stencil/store/-/store-2.0.6.tgz",
			"integrity": "sha512-hiMbebqE1C6bF1Hpmq4QFvPW3Yx63fDRw/88QUe5OBOLzwpwmt8dF6FWhs+O6R31xv+EEZPInp+LRVdIh9+PIg==",
			"dev": true,
			"peerDependencies": {
				"@stencil/core": ">=2.0.0 || >=3.0.0"
			}
		},
		"node_modules/@types/geojson": {
			"version": "7946.0.10",
			"resolved": "https://registry.npmjs.org/@types/geojson/-/geojson-7946.0.10.tgz",
			"integrity": "sha512-Nmh0K3iWQJzniTuPRcJn5hxXkfB1T1pgB89SBig5PlJQU5yocazeu4jATJlaA0GYFKWMqDdvYemoSnF2pXgLVA=="
		},
		"node_modules/@types/leaflet": {
			"version": "1.9.3",
			"resolved": "https://registry.npmjs.org/@types/leaflet/-/leaflet-1.9.3.tgz",
			"integrity": "sha512-Caa1lYOgKVqDkDZVWkto2Z5JtVo09spEaUt2S69LiugbBpoqQu92HYFMGUbYezZbnBkyOxMNPXHSgRrRY5UyIA==",
			"dependencies": {
				"@types/geojson": "*"
			}
		},
		"node_modules/@types/node": {
			"version": "20.2.3",
			"resolved": "https://registry.npmjs.org/@types/node/-/node-20.2.3.tgz",
			"integrity": "sha512-pg9d0yC4rVNWQzX8U7xb4olIOFuuVL9za3bzMT2pu2SU0SNEi66i2qrvhE2qt0HvkhuCaWJu7pLNOt/Pj8BIrw==",
			"dev": true
		}
	},
	"dependencies": {
		"@stencil/core": {
			"version": "3.2.2",
			"resolved": "https://registry.npmjs.org/@stencil/core/-/core-3.2.2.tgz",
			"integrity": "sha512-wXb9cVWL0T3cTwYLveekdTFCRGx6+9hpVDEXna+N8K8OPoW6xtFAHRLv+LjOM7k59PkA8MG3IinAfV7Y+xa0Hw=="
		},
		"@stencil/sass": {
			"version": "3.0.2",
			"resolved": "https://registry.npmjs.org/@stencil/sass/-/sass-3.0.2.tgz",
			"integrity": "sha512-T8hQreosCjZ6yZ7wJgZBrA1ytL4JMluY1dX6S1a/YgXclanvncvk6nGEpxRVVwRAvtkru0F5Qs+oheiL8nifRA==",
			"dev": true,
			"requires": {}
		},
		"@stencil/store": {
			"version": "2.0.6",
			"resolved": "https://registry.npmjs.org/@stencil/store/-/store-2.0.6.tgz",
			"integrity": "sha512-hiMbebqE1C6bF1Hpmq4QFvPW3Yx63fDRw/88QUe5OBOLzwpwmt8dF6FWhs+O6R31xv+EEZPInp+LRVdIh9+PIg==",
			"dev": true,
			"requires": {}
		},
		"@types/geojson": {
			"version": "7946.0.10",
			"resolved": "https://registry.npmjs.org/@types/geojson/-/geojson-7946.0.10.tgz",
			"integrity": "sha512-Nmh0K3iWQJzniTuPRcJn5hxXkfB1T1pgB89SBig5PlJQU5yocazeu4jATJlaA0GYFKWMqDdvYemoSnF2pXgLVA=="
		},
		"@types/leaflet": {
			"version": "1.9.3",
			"resolved": "https://registry.npmjs.org/@types/leaflet/-/leaflet-1.9.3.tgz",
			"integrity": "sha512-Caa1lYOgKVqDkDZVWkto2Z5JtVo09spEaUt2S69LiugbBpoqQu92HYFMGUbYezZbnBkyOxMNPXHSgRrRY5UyIA==",
			"requires": {
				"@types/geojson": "*"
			}
		},
		"@types/node": {
			"version": "20.2.3",
			"resolved": "https://registry.npmjs.org/@types/node/-/node-20.2.3.tgz",
			"integrity": "sha512-pg9d0yC4rVNWQzX8U7xb4olIOFuuVL9za3bzMT2pu2SU0SNEi66i2qrvhE2qt0HvkhuCaWJu7pLNOt/Pj8BIrw==",
			"dev": true
		}
	}
}
