lockfileVersion: '6.0'

dependencies:
  '@stencil/core':
    specifier: 3.2.2
    version: 3.2.2
  simple-datatables:
    specifier: ^7.2.0
    version: 7.2.0

devDependencies:
  '@stencil/sass':
    specifier: ^3.0.2
    version: 3.0.2(@stencil/core@3.2.2)
  '@stencil/store':
    specifier: ^2.0.6
    version: 2.0.6(@stencil/core@3.2.2)
  '@types/node':
    specifier: ^20.2.3
    version: 20.2.3

packages:

  /@stencil/core@3.2.2:
    resolution: {integrity: sha512-wXb9cVWL0T3cTwYLveekdTFCRGx6+9hpVDEXna+N8K8OPoW6xtFAHRLv+LjOM7k59PkA8MG3IinAfV7Y+xa0Hw==}
    engines: {node: '>=14.10.0', npm: '>=6.0.0'}
    hasBin: true

  /@stencil/sass@3.0.2(@stencil/core@3.2.2):
    resolution: {integrity: sha512-T8hQreosCjZ6yZ7wJgZBrA1ytL4JMluY1dX6S1a/YgXclanvncvk6nGEpxRVVwRAvtkru0F5Qs+oheiL8nifRA==}
    peerDependencies:
      '@stencil/core': '>=2.0.0 || >=3.0.0-beta.0'
    dependencies:
      '@stencil/core': 3.2.2
    dev: true

  /@stencil/store@2.0.6(@stencil/core@3.2.2):
    resolution: {integrity: sha512-hiMbebqE1C6bF1Hpmq4QFvPW3Yx63fDRw/88QUe5OBOLzwpwmt8dF6FWhs+O6R31xv+EEZPInp+LRVdIh9+PIg==}
    peerDependencies:
      '@stencil/core': '>=2.0.0 || >=3.0.0'
    dependencies:
      '@stencil/core': 3.2.2
    dev: true

  /@types/node@20.2.3:
    resolution: {integrity: sha512-pg9d0yC4rVNWQzX8U7xb4olIOFuuVL9za3bzMT2pu2SU0SNEi66i2qrvhE2qt0HvkhuCaWJu7pLNOt/Pj8BIrw==}
    dev: true

  /dayjs@1.11.7:
    resolution: {integrity: sha512-+Yw9U6YO5TQohxLcIkrXBeY73WP3ejHWVvx8XCk3gxvQDCTEmS48ZrSZCKciI7Bhl/uCMyxYtE9UqRILmFphkQ==}
    dev: false

  /diff-dom@5.0.3:
    resolution: {integrity: sha512-/gOPP7yBrZpaVW96L4Iye6nmKcd884WwibSj66Vqo8vx5bMxXsAL0FOomTDhRsR1Mg9an0PPXWKYM8jxiYwcIQ==}
    dev: false

  /simple-datatables@7.2.0:
    resolution: {integrity: sha512-dpKQuHcsciLyZD4GqZKkTkNe3sDN2iJJsWjhoPpQk5OSW5kF9FS3hWa3ERGQ4VkrlTrEaOSuI8A6m3NjnVvtrA==}
    dependencies:
      dayjs: 1.11.7
      diff-dom: 5.0.3
    dev: false
